
Microsoft Visual Studio Solution File, Format Version 12.00
# Visual Studio Version 17
VisualStudioVersion = 17.5.002.0
MinimumVisualStudioVersion = 10.0.40219.1
Project("{9A19103F-16F7-4668-BE54-9A1E7A4F7556}") = "3.7Project", "3.7Project.csproj", "{C0DB55C5-22E3-4B87-A217-BDE90D105590}"
EndProject
Global
	GlobalSection(SolutionConfigurationPlatforms) = preSolution
		Debug|Any CPU = Debug|Any CPU
		Release|Any CPU = Release|Any CPU
	EndGlobalSection
	GlobalSection(ProjectConfigurationPlatforms) = postSolution
		{C0DB55C5-22E3-4B87-A217-BDE90D105590}.Debug|Any CPU.ActiveCfg = Debug|Any CPU
		{C0DB55C5-22E3-4B87-A217-BDE90D105590}.Debug|Any CPU.Build.0 = Debug|Any CPU
		{C0DB55C5-22E3-4B87-A217-BDE90D105590}.Release|Any CPU.ActiveCfg = Release|Any CPU
		{C0DB55C5-22E3-4B87-A217-BDE90D105590}.Release|Any CPU.Build.0 = Release|Any CPU
	EndGlobalSection
	GlobalSection(SolutionProperties) = preSolution
		HideSolutionNode = FALSE
	EndGlobalSection
	GlobalSection(ExtensibilityGlobals) = postSolution
		SolutionGuid = {F6174F50-3398-4C43-BB26-BEDE2C9D70DD}
	EndGlobalSection
EndGlobal
